
Microsoft Visual Studio Solution File, Format Version 12.00
# Visual Studio Version 17
VisualStudioVersion = 17.0.31903.59
MinimumVisualStudioVersion = 10.0.40219.1
Project("{2150E333-8FDC-42A3-9474-1A3956D46DE8}") = "src", "src", "{3B8D6B3E-A2B9-4260-B1CE-337F86A66237}"
EndProject
Project("{FAE04EC0-301F-11D3-BF4B-00C04F79EFBC}") = "Erbai.App", "src\Erbai.App\Erbai.App.csproj", "{1EE358FE-C54B-4FB9-BB96-05F8242E1F25}"
EndProject
Project("{FAE04EC0-301F-11D3-BF4B-00C04F79EFBC}") = "Erbai.Contracts", "src\Erbai.Contracts\Erbai.Contracts.csproj", "{388803AC-BD0D-42C9-8781-3795C8E97052}"
EndProject
Project("{FAE04EC0-301F-11D3-BF4B-00C04F79EFBC}") = "Erbai.Core", "src\Erbai.Core\Erbai.Core.csproj", "{859AE78D-32ED-4AF4-8FB4-AC516AF2E736}"
EndProject
Project("{FAE04EC0-301F-11D3-BF4B-00C04F79EFBC}") = "Erbai.Web", "src\Erbai.Web\Erbai.Web.csproj", "{5D102E02-2960-4E6B-8180-E5F98E8A4ED3}"
EndProject
Project("{FAE04EC0-301F-11D3-BF4B-00C04F79EFBC}") = "Erbai.Live.Bilibili", "src\Erbai.Live.Bilibili\Erbai.Live.Bilibili.csproj", "{4A5B0898-2C0F-4B1E-9734-D5FFDB1B7F77}"
EndProject
Project("{FAE04EC0-301F-11D3-BF4B-00C04F79EFBC}") = "Erbai.Live.Douyin", "src\Erbai.Live.Douyin\Erbai.Live.Douyin.csproj", "{F363FE0E-AE8D-43E2-8D35-638C30AAED6B}"
EndProject
Project("{FAE04EC0-301F-11D3-BF4B-00C04F79EFBC}") = "Erbai.Live.Douyin.Grabber", "src\Erbai.Live.Douyin.Grabber\Erbai.Live.Douyin.Grabber.csproj", "{6895BB5D-83D0-44FD-819F-88901B0F50BB}"
EndProject
Project("{FAE04EC0-301F-11D3-BF4B-00C04F79EFBC}") = "Erbai.Player.Connectors", "src\Erbai.Player.Connectors\Erbai.Player.Connectors.csproj", "{470878D9-C91B-42D1-9B92-E8EEA9D09147}"
EndProject
Project("{FAE04EC0-301F-11D3-BF4B-00C04F79EFBC}") = "Erbai.Modules.SongRequest", "src\Erbai.Modules.SongRequest\Erbai.Modules.SongRequest.csproj", "{7CAAB36F-961E-4BBB-B292-F8FDACF26C25}"
EndProject
Project("{FAE04EC0-301F-11D3-BF4B-00C04F79EFBC}") = "Erbai.Modules.QueueUp", "src\Erbai.Modules.QueueUp\Erbai.Modules.QueueUp.csproj", "{48951972-C2C6-44EE-9A13-1320ADF0C90C}"
EndProject
Project("{FAE04EC0-301F-11D3-BF4B-00C04F79EFBC}") = "Erbai.Modules.GiftFx", "src\Erbai.Modules.GiftFx\Erbai.Modules.GiftFx.csproj", "{182A960E-4919-40AE-A5C7-8EB4AE901582}"
EndProject
Project("{2150E333-8FDC-42A3-9474-1A3956D46DE8}") = "tests", "tests", "{4F42EFF8-7468-4EFF-B616-8F762481FE45}"
EndProject
Project("{FAE04EC0-301F-11D3-BF4B-00C04F79EFBC}") = "Erbai.Core.Tests", "tests\Erbai.Core.Tests\Erbai.Core.Tests.csproj", "{8075DFA9-9C79-4EA2-BD63-FFE53B51B09A}"
EndProject
Project("{FAE04EC0-301F-11D3-BF4B-00C04F79EFBC}") = "Erbai.Modules.SongRequest.Tests", "tests\Erbai.Modules.SongRequest.Tests\Erbai.Modules.SongRequest.Tests.csproj", "{1D45E8DC-CF93-4C70-AAD3-131323E30E88}"
EndProject
Project("{FAE04EC0-301F-11D3-BF4B-00C04F79EFBC}") = "Erbai.Live.Bilibili.Tests", "tests\Erbai.Live.Bilibili.Tests\Erbai.Live.Bilibili.Tests.csproj", "{38539318-81F4-4874-A60B-6A7E02A2B517}"
EndProject
Project("{FAE04EC0-301F-11D3-BF4B-00C04F79EFBC}") = "Erbai.Live.Douyin.Tests", "tests\Erbai.Live.Douyin.Tests\Erbai.Live.Douyin.Tests.csproj", "{DA38F53B-54F0-463A-BC9B-4B3FE2DD270A}"
EndProject
Project("{FAE04EC0-301F-11D3-BF4B-00C04F79EFBC}") = "Erbai.Web.Tests", "tests\Erbai.Web.Tests\Erbai.Web.Tests.csproj", "{DCF4F34F-B2FE-4E40-AAB0-8B06D2B8DB58}"
EndProject
Project("{FAE04EC0-301F-11D3-BF4B-00C04F79EFBC}") = "Erbai.Connector", "src\Erbai.Connector\Erbai.Connector.csproj", "{E14CA04A-1063-44F7-B063-B19B1EB35C03}"
EndProject
Project("{FAE04EC0-301F-11D3-BF4B-00C04F79EFBC}") = "Erbai.Connector.Tests", "tests\Erbai.Connector.Tests\Erbai.Connector.Tests.csproj", "{DD2EF7DD-000A-49B9-9AEE-BF571047C2EF}"
EndProject
Project("{FAE04EC0-301F-11D3-BF4B-00C04F79EFBC}") = "Erbai.Modules.QueueUp.Tests", "tests\Erbai.Modules.QueueUp.Tests\Erbai.Modules.QueueUp.Tests.csproj", "{B5B464F1-2F71-42F5-9874-0EDB00146A03}"
EndProject
Project("{FAE04EC0-301F-11D3-BF4B-00C04F79EFBC}") = "Erbai.Modules.GiftFx.Tests", "tests\Erbai.Modules.GiftFx.Tests\Erbai.Modules.GiftFx.Tests.csproj", "{724EB1FC-C048-41C4-8896-0956B8445D8D}"
EndProject
Project("{2150E333-8FDC-42A3-9474-1A3956D46DE8}") = "Erbai.TestPlugins", "Erbai.TestPlugins", "{A2181B3F-E949-4DB4-9961-A48970670CF4}"
EndProject
Project("{FAE04EC0-301F-11D3-BF4B-00C04F79EFBC}") = "FeatureModulePlugin", "tests\Erbai.TestPlugins\FeatureModulePlugin\FeatureModulePlugin.csproj", "{0E9AF6A6-17F5-4DA8-8804-2D50E8411FFF}"
EndProject
Project("{FAE04EC0-301F-11D3-BF4B-00C04F79EFBC}") = "PlayerPlugin", "tests\Erbai.TestPlugins\PlayerPlugin\PlayerPlugin.csproj", "{28CE05AF-02BD-4350-BD7B-5E580D8B0B9D}"
EndProject
Project("{FAE04EC0-301F-11D3-BF4B-00C04F79EFBC}") = "LivePlatformPlugin", "tests\Erbai.TestPlugins\LivePlatformPlugin\LivePlatformPlugin.csproj", "{73372CFE-C8C8-4767-863C-38E7FC792932}"
EndProject
Project("{FAE04EC0-301F-11D3-BF4B-00C04F79EFBC}") = "InjectedFeaturePlugin", "tests\Erbai.TestPlugins\InjectedFeaturePlugin\InjectedFeaturePlugin.csproj", "{55DEEDD6-78A8-4607-B63B-6A8C549703E3}"
EndProject
Project("{FAE04EC0-301F-11D3-BF4B-00C04F79EFBC}") = "Erbai.App.Tests", "tests\Erbai.App.Tests\Erbai.App.Tests.csproj", "{3587D763-96A7-4C38-B1D4-B369E85BD71E}"
EndProject
Project("{FAE04EC0-301F-11D3-BF4B-00C04F79EFBC}") = "Erbai.OverlayWpf", "src\Erbai.OverlayWpf\Erbai.OverlayWpf.csproj", "{2C4E8564-FC93-405E-8C87-51135918AF9C}"
EndProject
Project("{FAE04EC0-301F-11D3-BF4B-00C04F79EFBC}") = "Erbai.Connectors.Management", "src\Erbai.Connectors.Management\Erbai.Connectors.Management.csproj", "{1DD0A19C-0863-4A00-B34C-B5E25D0265E5}"
EndProject
Project("{FAE04EC0-301F-11D3-BF4B-00C04F79EFBC}") = "Erbai.Connectors.Management.Tests", "tests\Erbai.Connectors.Management.Tests\Erbai.Connectors.Management.Tests.csproj", "{21094779-991E-493E-AAF1-79D50DA29140}"
EndProject
Global
	GlobalSection(SolutionConfigurationPlatforms) = preSolution
		Debug|Any CPU = Debug|Any CPU
		Release|Any CPU = Release|Any CPU
		Debug|x64 = Debug|x64
		Release|x64 = Release|x64
	EndGlobalSection
	GlobalSection(SolutionProperties) = preSolution
		HideSolutionNode = FALSE
	EndGlobalSection
	GlobalSection(ProjectConfigurationPlatforms) = postSolution
		{1EE358FE-C54B-4FB9-BB96-05F8242E1F25}.Debug|Any CPU.ActiveCfg = Debug|Any CPU
		{1EE358FE-C54B-4FB9-BB96-05F8242E1F25}.Debug|Any CPU.Build.0 = Debug|Any CPU
		{1EE358FE-C54B-4FB9-BB96-05F8242E1F25}.Release|Any CPU.ActiveCfg = Release|Any CPU
		{1EE358FE-C54B-4FB9-BB96-05F8242E1F25}.Release|Any CPU.Build.0 = Release|Any CPU
		{1EE358FE-C54B-4FB9-BB96-05F8242E1F25}.Debug|x64.ActiveCfg = Debug|x64
		{1EE358FE-C54B-4FB9-BB96-05F8242E1F25}.Debug|x64.Build.0 = Debug|x64
		{1EE358FE-C54B-4FB9-BB96-05F8242E1F25}.Release|x64.ActiveCfg = Release|x64
		{1EE358FE-C54B-4FB9-BB96-05F8242E1F25}.Release|x64.Build.0 = Release|x64
		{388803AC-BD0D-42C9-8781-3795C8E97052}.Debug|Any CPU.ActiveCfg = Debug|Any CPU
		{388803AC-BD0D-42C9-8781-3795C8E97052}.Debug|Any CPU.Build.0 = Debug|Any CPU
		{388803AC-BD0D-42C9-8781-3795C8E97052}.Release|Any CPU.ActiveCfg = Release|Any CPU
		{388803AC-BD0D-42C9-8781-3795C8E97052}.Release|Any CPU.Build.0 = Release|Any CPU
		{388803AC-BD0D-42C9-8781-3795C8E97052}.Debug|x64.ActiveCfg = Debug|Any CPU
		{388803AC-BD0D-42C9-8781-3795C8E97052}.Debug|x64.Build.0 = Debug|Any CPU
		{388803AC-BD0D-42C9-8781-3795C8E97052}.Release|x64.ActiveCfg = Release|Any CPU
		{388803AC-BD0D-42C9-8781-3795C8E97052}.Release|x64.Build.0 = Release|Any CPU
		{859AE78D-32ED-4AF4-8FB4-AC516AF2E736}.Debug|Any CPU.ActiveCfg = Debug|Any CPU
		{859AE78D-32ED-4AF4-8FB4-AC516AF2E736}.Debug|Any CPU.Build.0 = Debug|Any CPU
		{859AE78D-32ED-4AF4-8FB4-AC516AF2E736}.Release|Any CPU.ActiveCfg = Release|Any CPU
		{859AE78D-32ED-4AF4-8FB4-AC516AF2E736}.Release|Any CPU.Build.0 = Release|Any CPU
		{859AE78D-32ED-4AF4-8FB4-AC516AF2E736}.Debug|x64.ActiveCfg = Debug|Any CPU
		{859AE78D-32ED-4AF4-8FB4-AC516AF2E736}.Debug|x64.Build.0 = Debug|Any CPU
		{859AE78D-32ED-4AF4-8FB4-AC516AF2E736}.Release|x64.ActiveCfg = Release|Any CPU
		{859AE78D-32ED-4AF4-8FB4-AC516AF2E736}.Release|x64.Build.0 = Release|Any CPU
		{5D102E02-2960-4E6B-8180-E5F98E8A4ED3}.Debug|Any CPU.ActiveCfg = Debug|Any CPU
		{5D102E02-2960-4E6B-8180-E5F98E8A4ED3}.Debug|Any CPU.Build.0 = Debug|Any CPU
		{5D102E02-2960-4E6B-8180-E5F98E8A4ED3}.Release|Any CPU.ActiveCfg = Release|Any CPU
		{5D102E02-2960-4E6B-8180-E5F98E8A4ED3}.Release|Any CPU.Build.0 = Release|Any CPU
		{5D102E02-2960-4E6B-8180-E5F98E8A4ED3}.Debug|x64.ActiveCfg = Debug|Any CPU
		{5D102E02-2960-4E6B-8180-E5F98E8A4ED3}.Debug|x64.Build.0 = Debug|Any CPU
		{5D102E02-2960-4E6B-8180-E5F98E8A4ED3}.Release|x64.ActiveCfg = Release|Any CPU
		{5D102E02-2960-4E6B-8180-E5F98E8A4ED3}.Release|x64.Build.0 = Release|Any CPU
		{4A5B0898-2C0F-4B1E-9734-D5FFDB1B7F77}.Debug|Any CPU.ActiveCfg = Debug|Any CPU
		{4A5B0898-2C0F-4B1E-9734-D5FFDB1B7F77}.Debug|Any CPU.Build.0 = Debug|Any CPU
		{4A5B0898-2C0F-4B1E-9734-D5FFDB1B7F77}.Release|Any CPU.ActiveCfg = Release|Any CPU
		{4A5B0898-2C0F-4B1E-9734-D5FFDB1B7F77}.Release|Any CPU.Build.0 = Release|Any CPU
		{4A5B0898-2C0F-4B1E-9734-D5FFDB1B7F77}.Debug|x64.ActiveCfg = Debug|Any CPU
		{4A5B0898-2C0F-4B1E-9734-D5FFDB1B7F77}.Debug|x64.Build.0 = Debug|Any CPU
		{4A5B0898-2C0F-4B1E-9734-D5FFDB1B7F77}.Release|x64.ActiveCfg = Release|Any CPU
		{4A5B0898-2C0F-4B1E-9734-D5FFDB1B7F77}.Release|x64.Build.0 = Release|Any CPU
		{F363FE0E-AE8D-43E2-8D35-638C30AAED6B}.Debug|Any CPU.ActiveCfg = Debug|Any CPU
		{F363FE0E-AE8D-43E2-8D35-638C30AAED6B}.Debug|Any CPU.Build.0 = Debug|Any CPU
		{F363FE0E-AE8D-43E2-8D35-638C30AAED6B}.Release|Any CPU.ActiveCfg = Release|Any CPU
		{F363FE0E-AE8D-43E2-8D35-638C30AAED6B}.Release|Any CPU.Build.0 = Release|Any CPU
		{F363FE0E-AE8D-43E2-8D35-638C30AAED6B}.Debug|x64.ActiveCfg = Debug|Any CPU
		{F363FE0E-AE8D-43E2-8D35-638C30AAED6B}.Debug|x64.Build.0 = Debug|Any CPU
		{F363FE0E-AE8D-43E2-8D35-638C30AAED6B}.Release|x64.ActiveCfg = Release|Any CPU
		{F363FE0E-AE8D-43E2-8D35-638C30AAED6B}.Release|x64.Build.0 = Release|Any CPU
		{6895BB5D-83D0-44FD-819F-88901B0F50BB}.Debug|Any CPU.ActiveCfg = Debug|Any CPU
		{6895BB5D-83D0-44FD-819F-88901B0F50BB}.Debug|Any CPU.Build.0 = Debug|Any CPU
		{6895BB5D-83D0-44FD-819F-88901B0F50BB}.Release|Any CPU.ActiveCfg = Release|Any CPU
		{6895BB5D-83D0-44FD-819F-88901B0F50BB}.Release|Any CPU.Build.0 = Release|Any CPU
		{6895BB5D-83D0-44FD-819F-88901B0F50BB}.Debug|x64.ActiveCfg = Debug|Any CPU
		{6895BB5D-83D0-44FD-819F-88901B0F50BB}.Debug|x64.Build.0 = Debug|Any CPU
		{6895BB5D-83D0-44FD-819F-88901B0F50BB}.Release|x64.ActiveCfg = Release|Any CPU
		{6895BB5D-83D0-44FD-819F-88901B0F50BB}.Release|x64.Build.0 = Release|Any CPU
		{470878D9-C91B-42D1-9B92-E8EEA9D09147}.Debug|Any CPU.ActiveCfg = Debug|Any CPU
		{470878D9-C91B-42D1-9B92-E8EEA9D09147}.Debug|Any CPU.Build.0 = Debug|Any CPU
		{470878D9-C91B-42D1-9B92-E8EEA9D09147}.Release|Any CPU.ActiveCfg = Release|Any CPU
		{470878D9-C91B-42D1-9B92-E8EEA9D09147}.Release|Any CPU.Build.0 = Release|Any CPU
		{470878D9-C91B-42D1-9B92-E8EEA9D09147}.Debug|x64.ActiveCfg = Debug|Any CPU
		{470878D9-C91B-42D1-9B92-E8EEA9D09147}.Debug|x64.Build.0 = Debug|Any CPU
		{470878D9-C91B-42D1-9B92-E8EEA9D09147}.Release|x64.ActiveCfg = Release|Any CPU
		{470878D9-C91B-42D1-9B92-E8EEA9D09147}.Release|x64.Build.0 = Release|Any CPU
		{7CAAB36F-961E-4BBB-B292-F8FDACF26C25}.Debug|Any CPU.ActiveCfg = Debug|Any CPU
		{7CAAB36F-961E-4BBB-B292-F8FDACF26C25}.Debug|Any CPU.Build.0 = Debug|Any CPU
		{7CAAB36F-961E-4BBB-B292-F8FDACF26C25}.Release|Any CPU.ActiveCfg = Release|Any CPU
		{7CAAB36F-961E-4BBB-B292-F8FDACF26C25}.Release|Any CPU.Build.0 = Release|Any CPU
		{7CAAB36F-961E-4BBB-B292-F8FDACF26C25}.Debug|x64.ActiveCfg = Debug|Any CPU
		{7CAAB36F-961E-4BBB-B292-F8FDACF26C25}.Debug|x64.Build.0 = Debug|Any CPU
		{7CAAB36F-961E-4BBB-B292-F8FDACF26C25}.Release|x64.ActiveCfg = Release|Any CPU
		{7CAAB36F-961E-4BBB-B292-F8FDACF26C25}.Release|x64.Build.0 = Release|Any CPU
		{48951972-C2C6-44EE-9A13-1320ADF0C90C}.Debug|Any CPU.ActiveCfg = Debug|Any CPU
		{48951972-C2C6-44EE-9A13-1320ADF0C90C}.Debug|Any CPU.Build.0 = Debug|Any CPU
		{48951972-C2C6-44EE-9A13-1320ADF0C90C}.Release|Any CPU.ActiveCfg = Release|Any CPU
		{48951972-C2C6-44EE-9A13-1320ADF0C90C}.Release|Any CPU.Build.0 = Release|Any CPU
		{48951972-C2C6-44EE-9A13-1320ADF0C90C}.Debug|x64.ActiveCfg = Debug|Any CPU
		{48951972-C2C6-44EE-9A13-1320ADF0C90C}.Debug|x64.Build.0 = Debug|Any CPU
		{48951972-C2C6-44EE-9A13-1320ADF0C90C}.Release|x64.ActiveCfg = Release|Any CPU
		{48951972-C2C6-44EE-9A13-1320ADF0C90C}.Release|x64.Build.0 = Release|Any CPU
		{182A960E-4919-40AE-A5C7-8EB4AE901582}.Debug|Any CPU.ActiveCfg = Debug|Any CPU
		{182A960E-4919-40AE-A5C7-8EB4AE901582}.Debug|Any CPU.Build.0 = Debug|Any CPU
		{182A960E-4919-40AE-A5C7-8EB4AE901582}.Release|Any CPU.ActiveCfg = Release|Any CPU
		{182A960E-4919-40AE-A5C7-8EB4AE901582}.Release|Any CPU.Build.0 = Release|Any CPU
		{182A960E-4919-40AE-A5C7-8EB4AE901582}.Debug|x64.ActiveCfg = Debug|Any CPU
		{182A960E-4919-40AE-A5C7-8EB4AE901582}.Debug|x64.Build.0 = Debug|Any CPU
		{182A960E-4919-40AE-A5C7-8EB4AE901582}.Release|x64.ActiveCfg = Release|Any CPU
		{182A960E-4919-40AE-A5C7-8EB4AE901582}.Release|x64.Build.0 = Release|Any CPU
		{8075DFA9-9C79-4EA2-BD63-FFE53B51B09A}.Debug|Any CPU.ActiveCfg = Debug|Any CPU
		{8075DFA9-9C79-4EA2-BD63-FFE53B51B09A}.Debug|Any CPU.Build.0 = Debug|Any CPU
		{8075DFA9-9C79-4EA2-BD63-FFE53B51B09A}.Release|Any CPU.ActiveCfg = Release|Any CPU
		{8075DFA9-9C79-4EA2-BD63-FFE53B51B09A}.Release|Any CPU.Build.0 = Release|Any CPU
		{8075DFA9-9C79-4EA2-BD63-FFE53B51B09A}.Debug|x64.ActiveCfg = Debug|Any CPU
		{8075DFA9-9C79-4EA2-BD63-FFE53B51B09A}.Debug|x64.Build.0 = Debug|Any CPU
		{8075DFA9-9C79-4EA2-BD63-FFE53B51B09A}.Release|x64.ActiveCfg = Release|Any CPU
		{8075DFA9-9C79-4EA2-BD63-FFE53B51B09A}.Release|x64.Build.0 = Release|Any CPU
		{1D45E8DC-CF93-4C70-AAD3-131323E30E88}.Debug|Any CPU.ActiveCfg = Debug|Any CPU
		{1D45E8DC-CF93-4C70-AAD3-131323E30E88}.Debug|Any CPU.Build.0 = Debug|Any CPU
		{1D45E8DC-CF93-4C70-AAD3-131323E30E88}.Release|Any CPU.ActiveCfg = Release|Any CPU
		{1D45E8DC-CF93-4C70-AAD3-131323E30E88}.Release|Any CPU.Build.0 = Release|Any CPU
		{1D45E8DC-CF93-4C70-AAD3-131323E30E88}.Debug|x64.ActiveCfg = Debug|Any CPU
		{1D45E8DC-CF93-4C70-AAD3-131323E30E88}.Debug|x64.Build.0 = Debug|Any CPU
		{1D45E8DC-CF93-4C70-AAD3-131323E30E88}.Release|x64.ActiveCfg = Release|Any CPU
		{1D45E8DC-CF93-4C70-AAD3-131323E30E88}.Release|x64.Build.0 = Release|Any CPU
		{38539318-81F4-4874-A60B-6A7E02A2B517}.Debug|Any CPU.ActiveCfg = Debug|Any CPU
		{38539318-81F4-4874-A60B-6A7E02A2B517}.Debug|Any CPU.Build.0 = Debug|Any CPU
		{38539318-81F4-4874-A60B-6A7E02A2B517}.Release|Any CPU.ActiveCfg = Release|Any CPU
		{38539318-81F4-4874-A60B-6A7E02A2B517}.Release|Any CPU.Build.0 = Release|Any CPU
		{38539318-81F4-4874-A60B-6A7E02A2B517}.Debug|x64.ActiveCfg = Debug|Any CPU
		{38539318-81F4-4874-A60B-6A7E02A2B517}.Debug|x64.Build.0 = Debug|Any CPU
		{38539318-81F4-4874-A60B-6A7E02A2B517}.Release|x64.ActiveCfg = Release|Any CPU
		{38539318-81F4-4874-A60B-6A7E02A2B517}.Release|x64.Build.0 = Release|Any CPU
		{DA38F53B-54F0-463A-BC9B-4B3FE2DD270A}.Debug|Any CPU.ActiveCfg = Debug|Any CPU
		{DA38F53B-54F0-463A-BC9B-4B3FE2DD270A}.Debug|Any CPU.Build.0 = Debug|Any CPU
		{DA38F53B-54F0-463A-BC9B-4B3FE2DD270A}.Release|Any CPU.ActiveCfg = Release|Any CPU
		{DA38F53B-54F0-463A-BC9B-4B3FE2DD270A}.Release|Any CPU.Build.0 = Release|Any CPU
		{DA38F53B-54F0-463A-BC9B-4B3FE2DD270A}.Debug|x64.ActiveCfg = Debug|Any CPU
		{DA38F53B-54F0-463A-BC9B-4B3FE2DD270A}.Debug|x64.Build.0 = Debug|Any CPU
		{DA38F53B-54F0-463A-BC9B-4B3FE2DD270A}.Release|x64.ActiveCfg = Release|Any CPU
		{DA38F53B-54F0-463A-BC9B-4B3FE2DD270A}.Release|x64.Build.0 = Release|Any CPU
		{DCF4F34F-B2FE-4E40-AAB0-8B06D2B8DB58}.Debug|Any CPU.ActiveCfg = Debug|Any CPU
		{DCF4F34F-B2FE-4E40-AAB0-8B06D2B8DB58}.Debug|Any CPU.Build.0 = Debug|Any CPU
		{DCF4F34F-B2FE-4E40-AAB0-8B06D2B8DB58}.Release|Any CPU.ActiveCfg = Release|Any CPU
		{DCF4F34F-B2FE-4E40-AAB0-8B06D2B8DB58}.Release|Any CPU.Build.0 = Release|Any CPU
		{DCF4F34F-B2FE-4E40-AAB0-8B06D2B8DB58}.Debug|x64.ActiveCfg = Debug|Any CPU
		{DCF4F34F-B2FE-4E40-AAB0-8B06D2B8DB58}.Debug|x64.Build.0 = Debug|Any CPU
		{DCF4F34F-B2FE-4E40-AAB0-8B06D2B8DB58}.Release|x64.ActiveCfg = Release|Any CPU
		{DCF4F34F-B2FE-4E40-AAB0-8B06D2B8DB58}.Release|x64.Build.0 = Release|Any CPU
		{E14CA04A-1063-44F7-B063-B19B1EB35C03}.Debug|Any CPU.ActiveCfg = Debug|Any CPU
		{E14CA04A-1063-44F7-B063-B19B1EB35C03}.Debug|Any CPU.Build.0 = Debug|Any CPU
		{E14CA04A-1063-44F7-B063-B19B1EB35C03}.Release|Any CPU.ActiveCfg = Release|Any CPU
		{E14CA04A-1063-44F7-B063-B19B1EB35C03}.Release|Any CPU.Build.0 = Release|Any CPU
		{E14CA04A-1063-44F7-B063-B19B1EB35C03}.Debug|x64.ActiveCfg = Debug|Any CPU
		{E14CA04A-1063-44F7-B063-B19B1EB35C03}.Debug|x64.Build.0 = Debug|Any CPU
		{E14CA04A-1063-44F7-B063-B19B1EB35C03}.Release|x64.ActiveCfg = Release|Any CPU
		{E14CA04A-1063-44F7-B063-B19B1EB35C03}.Release|x64.Build.0 = Release|Any CPU
		{DD2EF7DD-000A-49B9-9AEE-BF571047C2EF}.Debug|Any CPU.ActiveCfg = Debug|Any CPU
		{DD2EF7DD-000A-49B9-9AEE-BF571047C2EF}.Debug|Any CPU.Build.0 = Debug|Any CPU
		{DD2EF7DD-000A-49B9-9AEE-BF571047C2EF}.Release|Any CPU.ActiveCfg = Release|Any CPU
		{DD2EF7DD-000A-49B9-9AEE-BF571047C2EF}.Release|Any CPU.Build.0 = Release|Any CPU
		{DD2EF7DD-000A-49B9-9AEE-BF571047C2EF}.Debug|x64.ActiveCfg = Debug|Any CPU
		{DD2EF7DD-000A-49B9-9AEE-BF571047C2EF}.Debug|x64.Build.0 = Debug|Any CPU
		{DD2EF7DD-000A-49B9-9AEE-BF571047C2EF}.Release|x64.ActiveCfg = Release|Any CPU
		{DD2EF7DD-000A-49B9-9AEE-BF571047C2EF}.Release|x64.Build.0 = Release|Any CPU
		{B5B464F1-2F71-42F5-9874-0EDB00146A03}.Debug|Any CPU.ActiveCfg = Debug|Any CPU
		{B5B464F1-2F71-42F5-9874-0EDB00146A03}.Debug|Any CPU.Build.0 = Debug|Any CPU
		{B5B464F1-2F71-42F5-9874-0EDB00146A03}.Release|Any CPU.ActiveCfg = Release|Any CPU
		{B5B464F1-2F71-42F5-9874-0EDB00146A03}.Release|Any CPU.Build.0 = Release|Any CPU
		{B5B464F1-2F71-42F5-9874-0EDB00146A03}.Debug|x64.ActiveCfg = Debug|Any CPU
		{B5B464F1-2F71-42F5-9874-0EDB00146A03}.Debug|x64.Build.0 = Debug|Any CPU
		{B5B464F1-2F71-42F5-9874-0EDB00146A03}.Release|x64.ActiveCfg = Release|Any CPU
		{B5B464F1-2F71-42F5-9874-0EDB00146A03}.Release|x64.Build.0 = Release|Any CPU
		{724EB1FC-C048-41C4-8896-0956B8445D8D}.Debug|Any CPU.ActiveCfg = Debug|Any CPU
		{724EB1FC-C048-41C4-8896-0956B8445D8D}.Debug|Any CPU.Build.0 = Debug|Any CPU
		{724EB1FC-C048-41C4-8896-0956B8445D8D}.Release|Any CPU.ActiveCfg = Release|Any CPU
		{724EB1FC-C048-41C4-8896-0956B8445D8D}.Release|Any CPU.Build.0 = Release|Any CPU
		{724EB1FC-C048-41C4-8896-0956B8445D8D}.Debug|x64.ActiveCfg = Debug|Any CPU
		{724EB1FC-C048-41C4-8896-0956B8445D8D}.Debug|x64.Build.0 = Debug|Any CPU
		{724EB1FC-C048-41C4-8896-0956B8445D8D}.Release|x64.ActiveCfg = Release|Any CPU
		{724EB1FC-C048-41C4-8896-0956B8445D8D}.Release|x64.Build.0 = Release|Any CPU
		{0E9AF6A6-17F5-4DA8-8804-2D50E8411FFF}.Debug|Any CPU.ActiveCfg = Debug|Any CPU
		{0E9AF6A6-17F5-4DA8-8804-2D50E8411FFF}.Debug|Any CPU.Build.0 = Debug|Any CPU
		{0E9AF6A6-17F5-4DA8-8804-2D50E8411FFF}.Release|Any CPU.ActiveCfg = Release|Any CPU
		{0E9AF6A6-17F5-4DA8-8804-2D50E8411FFF}.Release|Any CPU.Build.0 = Release|Any CPU
		{0E9AF6A6-17F5-4DA8-8804-2D50E8411FFF}.Debug|x64.ActiveCfg = Debug|Any CPU
		{0E9AF6A6-17F5-4DA8-8804-2D50E8411FFF}.Debug|x64.Build.0 = Debug|Any CPU
		{0E9AF6A6-17F5-4DA8-8804-2D50E8411FFF}.Release|x64.ActiveCfg = Release|Any CPU
		{0E9AF6A6-17F5-4DA8-8804-2D50E8411FFF}.Release|x64.Build.0 = Release|Any CPU
		{28CE05AF-02BD-4350-BD7B-5E580D8B0B9D}.Debug|Any CPU.ActiveCfg = Debug|Any CPU
		{28CE05AF-02BD-4350-BD7B-5E580D8B0B9D}.Debug|Any CPU.Build.0 = Debug|Any CPU
		{28CE05AF-02BD-4350-BD7B-5E580D8B0B9D}.Release|Any CPU.ActiveCfg = Release|Any CPU
		{28CE05AF-02BD-4350-BD7B-5E580D8B0B9D}.Release|Any CPU.Build.0 = Release|Any CPU
		{28CE05AF-02BD-4350-BD7B-5E580D8B0B9D}.Debug|x64.ActiveCfg = Debug|Any CPU
		{28CE05AF-02BD-4350-BD7B-5E580D8B0B9D}.Debug|x64.Build.0 = Debug|Any CPU
		{28CE05AF-02BD-4350-BD7B-5E580D8B0B9D}.Release|x64.ActiveCfg = Release|Any CPU
		{28CE05AF-02BD-4350-BD7B-5E580D8B0B9D}.Release|x64.Build.0 = Release|Any CPU
		{73372CFE-C8C8-4767-863C-38E7FC792932}.Debug|Any CPU.ActiveCfg = Debug|Any CPU
		{73372CFE-C8C8-4767-863C-38E7FC792932}.Debug|Any CPU.Build.0 = Debug|Any CPU
		{73372CFE-C8C8-4767-863C-38E7FC792932}.Release|Any CPU.ActiveCfg = Release|Any CPU
		{73372CFE-C8C8-4767-863C-38E7FC792932}.Release|Any CPU.Build.0 = Release|Any CPU
		{73372CFE-C8C8-4767-863C-38E7FC792932}.Debug|x64.ActiveCfg = Debug|Any CPU
		{73372CFE-C8C8-4767-863C-38E7FC792932}.Debug|x64.Build.0 = Debug|Any CPU
		{73372CFE-C8C8-4767-863C-38E7FC792932}.Release|x64.ActiveCfg = Release|Any CPU
		{73372CFE-C8C8-4767-863C-38E7FC792932}.Release|x64.Build.0 = Release|Any CPU
		{55DEEDD6-78A8-4607-B63B-6A8C549703E3}.Debug|Any CPU.ActiveCfg = Debug|Any CPU
		{55DEEDD6-78A8-4607-B63B-6A8C549703E3}.Debug|Any CPU.Build.0 = Debug|Any CPU
		{55DEEDD6-78A8-4607-B63B-6A8C549703E3}.Release|Any CPU.ActiveCfg = Release|Any CPU
		{55DEEDD6-78A8-4607-B63B-6A8C549703E3}.Release|Any CPU.Build.0 = Release|Any CPU
		{55DEEDD6-78A8-4607-B63B-6A8C549703E3}.Debug|x64.ActiveCfg = Debug|Any CPU
		{55DEEDD6-78A8-4607-B63B-6A8C549703E3}.Debug|x64.Build.0 = Debug|Any CPU
		{55DEEDD6-78A8-4607-B63B-6A8C549703E3}.Release|x64.ActiveCfg = Release|Any CPU
		{55DEEDD6-78A8-4607-B63B-6A8C549703E3}.Release|x64.Build.0 = Release|Any CPU
		{3587D763-96A7-4C38-B1D4-B369E85BD71E}.Debug|Any CPU.ActiveCfg = Debug|x64
		{3587D763-96A7-4C38-B1D4-B369E85BD71E}.Debug|Any CPU.Build.0 = Debug|x64
		{3587D763-96A7-4C38-B1D4-B369E85BD71E}.Release|Any CPU.ActiveCfg = Release|x64
		{3587D763-96A7-4C38-B1D4-B369E85BD71E}.Release|Any CPU.Build.0 = Release|x64
		{3587D763-96A7-4C38-B1D4-B369E85BD71E}.Debug|x64.ActiveCfg = Debug|x64
		{3587D763-96A7-4C38-B1D4-B369E85BD71E}.Debug|x64.Build.0 = Debug|x64
		{3587D763-96A7-4C38-B1D4-B369E85BD71E}.Release|x64.ActiveCfg = Release|x64
		{3587D763-96A7-4C38-B1D4-B369E85BD71E}.Release|x64.Build.0 = Release|x64
		{2C4E8564-FC93-405E-8C87-51135918AF9C}.Debug|Any CPU.ActiveCfg = Debug|x64
		{2C4E8564-FC93-405E-8C87-51135918AF9C}.Debug|Any CPU.Build.0 = Debug|x64
		{2C4E8564-FC93-405E-8C87-51135918AF9C}.Release|Any CPU.ActiveCfg = Release|x64
		{2C4E8564-FC93-405E-8C87-51135918AF9C}.Release|Any CPU.Build.0 = Release|x64
		{2C4E8564-FC93-405E-8C87-51135918AF9C}.Debug|x64.ActiveCfg = Debug|x64
		{2C4E8564-FC93-405E-8C87-51135918AF9C}.Debug|x64.Build.0 = Debug|x64
		{2C4E8564-FC93-405E-8C87-51135918AF9C}.Release|x64.ActiveCfg = Release|x64
		{2C4E8564-FC93-405E-8C87-51135918AF9C}.Release|x64.Build.0 = Release|x64
		{1DD0A19C-0863-4A00-B34C-B5E25D0265E5}.Debug|Any CPU.ActiveCfg = Debug|Any CPU
		{1DD0A19C-0863-4A00-B34C-B5E25D0265E5}.Debug|Any CPU.Build.0 = Debug|Any CPU
		{1DD0A19C-0863-4A00-B34C-B5E25D0265E5}.Release|Any CPU.ActiveCfg = Release|Any CPU
		{1DD0A19C-0863-4A00-B34C-B5E25D0265E5}.Release|Any CPU.Build.0 = Release|Any CPU
		{1DD0A19C-0863-4A00-B34C-B5E25D0265E5}.Debug|x64.ActiveCfg = Debug|Any CPU
		{1DD0A19C-0863-4A00-B34C-B5E25D0265E5}.Debug|x64.Build.0 = Debug|Any CPU
		{1DD0A19C-0863-4A00-B34C-B5E25D0265E5}.Release|x64.ActiveCfg = Release|Any CPU
		{1DD0A19C-0863-4A00-B34C-B5E25D0265E5}.Release|x64.Build.0 = Release|Any CPU
		{21094779-991E-493E-AAF1-79D50DA29140}.Debug|Any CPU.ActiveCfg = Debug|Any CPU
		{21094779-991E-493E-AAF1-79D50DA29140}.Debug|Any CPU.Build.0 = Debug|Any CPU
		{21094779-991E-493E-AAF1-79D50DA29140}.Release|Any CPU.ActiveCfg = Release|Any CPU
		{21094779-991E-493E-AAF1-79D50DA29140}.Release|Any CPU.Build.0 = Release|Any CPU
		{21094779-991E-493E-AAF1-79D50DA29140}.Debug|x64.ActiveCfg = Debug|Any CPU
		{21094779-991E-493E-AAF1-79D50DA29140}.Debug|x64.Build.0 = Debug|Any CPU
		{21094779-991E-493E-AAF1-79D50DA29140}.Release|x64.ActiveCfg = Release|Any CPU
		{21094779-991E-493E-AAF1-79D50DA29140}.Release|x64.Build.0 = Release|Any CPU
	EndGlobalSection
	GlobalSection(NestedProjects) = preSolution
		{1EE358FE-C54B-4FB9-BB96-05F8242E1F25} = {3B8D6B3E-A2B9-4260-B1CE-337F86A66237}
		{388803AC-BD0D-42C9-8781-3795C8E97052} = {3B8D6B3E-A2B9-4260-B1CE-337F86A66237}
		{859AE78D-32ED-4AF4-8FB4-AC516AF2E736} = {3B8D6B3E-A2B9-4260-B1CE-337F86A66237}
		{5D102E02-2960-4E6B-8180-E5F98E8A4ED3} = {3B8D6B3E-A2B9-4260-B1CE-337F86A66237}
		{4A5B0898-2C0F-4B1E-9734-D5FFDB1B7F77} = {3B8D6B3E-A2B9-4260-B1CE-337F86A66237}
		{F363FE0E-AE8D-43E2-8D35-638C30AAED6B} = {3B8D6B3E-A2B9-4260-B1CE-337F86A66237}
		{6895BB5D-83D0-44FD-819F-88901B0F50BB} = {3B8D6B3E-A2B9-4260-B1CE-337F86A66237}
		{470878D9-C91B-42D1-9B92-E8EEA9D09147} = {3B8D6B3E-A2B9-4260-B1CE-337F86A66237}
		{7CAAB36F-961E-4BBB-B292-F8FDACF26C25} = {3B8D6B3E-A2B9-4260-B1CE-337F86A66237}
		{48951972-C2C6-44EE-9A13-1320ADF0C90C} = {3B8D6B3E-A2B9-4260-B1CE-337F86A66237}
		{182A960E-4919-40AE-A5C7-8EB4AE901582} = {3B8D6B3E-A2B9-4260-B1CE-337F86A66237}
		{8075DFA9-9C79-4EA2-BD63-FFE53B51B09A} = {4F42EFF8-7468-4EFF-B616-8F762481FE45}
		{1D45E8DC-CF93-4C70-AAD3-131323E30E88} = {4F42EFF8-7468-4EFF-B616-8F762481FE45}
		{38539318-81F4-4874-A60B-6A7E02A2B517} = {4F42EFF8-7468-4EFF-B616-8F762481FE45}
		{DA38F53B-54F0-463A-BC9B-4B3FE2DD270A} = {4F42EFF8-7468-4EFF-B616-8F762481FE45}
		{DCF4F34F-B2FE-4E40-AAB0-8B06D2B8DB58} = {4F42EFF8-7468-4EFF-B616-8F762481FE45}
		{E14CA04A-1063-44F7-B063-B19B1EB35C03} = {3B8D6B3E-A2B9-4260-B1CE-337F86A66237}
		{DD2EF7DD-000A-49B9-9AEE-BF571047C2EF} = {4F42EFF8-7468-4EFF-B616-8F762481FE45}
		{B5B464F1-2F71-42F5-9874-0EDB00146A03} = {4F42EFF8-7468-4EFF-B616-8F762481FE45}
		{724EB1FC-C048-41C4-8896-0956B8445D8D} = {4F42EFF8-7468-4EFF-B616-8F762481FE45}
		{A2181B3F-E949-4DB4-9961-A48970670CF4} = {4F42EFF8-7468-4EFF-B616-8F762481FE45}
		{0E9AF6A6-17F5-4DA8-8804-2D50E8411FFF} = {A2181B3F-E949-4DB4-9961-A48970670CF4}
		{28CE05AF-02BD-4350-BD7B-5E580D8B0B9D} = {A2181B3F-E949-4DB4-9961-A48970670CF4}
		{73372CFE-C8C8-4767-863C-38E7FC792932} = {A2181B3F-E949-4DB4-9961-A48970670CF4}
		{55DEEDD6-78A8-4607-B63B-6A8C549703E3} = {A2181B3F-E949-4DB4-9961-A48970670CF4}
		{3587D763-96A7-4C38-B1D4-B369E85BD71E} = {4F42EFF8-7468-4EFF-B616-8F762481FE45}
		{2C4E8564-FC93-405E-8C87-51135918AF9C} = {3B8D6B3E-A2B9-4260-B1CE-337F86A66237}
		{1DD0A19C-0863-4A00-B34C-B5E25D0265E5} = {3B8D6B3E-A2B9-4260-B1CE-337F86A66237}
		{21094779-991E-493E-AAF1-79D50DA29140} = {4F42EFF8-7468-4EFF-B616-8F762481FE45}
	EndGlobalSection
EndGlobal
